<?xml version="1.0" encoding="utf-8"?>
<Project ToolsVersion="4.0" xmlns="http://schemas.microsoft.com/developer/msbuild/2003">
  <ItemGroup>
    <ClCompile Include="Game.cpp">
      <Filter>Source Files</Filter>
    </ClCompile>
    <ClCompile Include="GameConfig.cpp">
      <Filter>Source Files</Filter>
    </ClCompile>
    <ClCompile Include="GameEntity.cpp">
      <Filter>Source Files</Filter>
    </ClCompile>
    <ClCompile Include="Ghost.cpp">
      <Filter>Source Files</Filter>
    </ClCompile>
    <ClCompile Include="Main.cpp">
      <Filter>Source Files</Filter>
    </ClCompile>
    <ClCompile Include="Mario.cpp">
      <Filter>Source Files</Filter>
    </ClCompile>
    <ClCompile Include="Menu.cpp">
      <Filter>Source Files</Filter>
    </ClCompile>
    <ClCompile Include="ModeManager.cpp">
      <Filter>Source Files</Filter>
    </ClCompile>
    <ClCompile Include="Point.cpp">
      <Filter>Source Files</Filter>
    </ClCompile>
    <ClCompile Include="Stage.cpp">
      <Filter>Source Files</Filter>
    </ClCompile>
    <ClCompile Include="StagesManager.cpp">
      <Filter>Source Files</Filter>
    </ClCompile>
    <ClCompile Include="SuperGhost.cpp">
      <Filter>Source Files</Filter>
    </ClCompile>
    <ClCompile Include="Utils.cpp">
      <Filter>Source Files</Filter>
    </ClCompile>
    <ClCompile Include="Board.cpp">
      <Filter>Source Files</Filter>
    </ClCompile>
    <ClCompile Include="Barrel.cpp">
      <Filter>Source Files</Filter>
    </ClCompile>
  </ItemGroup>
  <ItemGroup>
    <ClInclude Include="Barrel.h">
      <Filter>Header Files</Filter>
    </ClInclude>
    <ClInclude Include="Board.h">
      <Filter>Header Files</Filter>
    </ClInclude>
    <ClInclude Include="Game.h">
      <Filter>Header Files</Filter>
    </ClInclude>
    <ClInclude Include="Direction.h">
      <Filter>Header Files</Filter>
    </ClInclude>
    <ClInclude Include="GameConfig.h">
      <Filter>Header Files</Filter>
    </ClInclude>
    <ClInclude Include="GameEntity.h">
      <Filter>Header Files</Filter>
    </ClInclude>
    <ClInclude Include="Ghost.h">
      <Filter>Header Files</Filter>
    </ClInclude>
    <ClInclude Include="Mario.h">
      <Filter>Header Files</Filter>
    </ClInclude>
    <ClInclude Include="Menu.h">
      <Filter>Header Files</Filter>
    </ClInclude>
    <ClInclude Include="Mode.h">
      <Filter>Header Files</Filter>
    </ClInclude>
    <ClInclude Include="ModeManager.h">
      <Filter>Header Files</Filter>
    </ClInclude>
    <ClInclude Include="Point.h">
      <Filter>Header Files</Filter>
    </ClInclude>
    <ClInclude Include="Stage.h">
      <Filter>Header Files</Filter>
    </ClInclude>
    <ClInclude Include="StagesManager.h">
      <Filter>Header Files</Filter>
    </ClInclude>
    <ClInclude Include="SuperGhost.h">
      <Filter>Header Files</Filter>
    </ClInclude>
    <ClInclude Include="Utils.h">
      <Filter>Header Files</Filter>
    </ClInclude>
  </ItemGroup>
  <ItemGroup>
    <None Include="dkong_01.screen">
      <Filter>Resource Files\Screens</Filter>
    </None>
    <None Include="dkong_02.screen">
      <Filter>Resource Files\Screens</Filter>
    </None>
    <None Include="dkong_a.screen">
      <Filter>Resource Files\Screens</Filter>
    </None>
    <None Include="dkong_01.steps">
      <Filter>Resource Files\Steps</Filter>
    </None>
    <None Include="dkong_02.steps">
      <Filter>Resource Files\Steps</Filter>
    </None>
    <None Include="dkong_a.steps">
      <Filter>Resource Files\Steps</Filter>
    </None>
    <None Include="dkong_01.result">
      <Filter>Resource Files\Results</Filter>
    </None>
    <None Include="dkong_02.result">
      <Filter>Resource Files\Results</Filter>
    </None>
    <None Include="dkong_a.result">
      <Filter>Resource Files\Results</Filter>
    </None>
  </ItemGroup>
  <ItemGroup>
    <Filter Include="Header Files">
      <UniqueIdentifier>{a009d92f-42dc-4ab2-8c1b-4afda32d2e3f}</UniqueIdentifier>
    </Filter>
    <Filter Include="Source Files">
      <UniqueIdentifier>{c9953f66-205b-4fa7-b8f1-8834f2b42b78}</UniqueIdentifier>
    </Filter>
    <Filter Include="Resource Files">
      <UniqueIdentifier>{986172ef-eb8d-44fd-9a93-1c251ef6ef2d}</UniqueIdentifier>
    </Filter>
    <Filter Include="Resource Files\Screens">
      <UniqueIdentifier>{95f2419f-2d57-46e0-a7a9-96fb98c907fc}</UniqueIdentifier>
    </Filter>
    <Filter Include="Resource Files\Steps">
      <UniqueIdentifier>{ea25aa44-d65d-4d43-937e-fc7d4845a0b4}</UniqueIdentifier>
    </Filter>
    <Filter Include="Resource Files\Results">
      <UniqueIdentifier>{3ac1951c-d552-47fe-9f11-f18cd3e7147d}</UniqueIdentifier>
    </Filter>
  </ItemGroup>
</Project>